
Microsoft Visual Studio Solution File, Format Version 12.00
# Visual Studio Version 17
VisualStudioVersion = 17.3.32929.385
MinimumVisualStudioVersion = 10.0.40219.1
Project("{FAE04EC0-301F-11D3-BF4B-00C04F79EFBC}") = "CoreAuditableSample", "CoreAuditableSample\CoreAuditableSample.csproj", "{2A5F123B-4ABD-477C-A659-13A4C9FC82F1}"
EndProject
Global
	GlobalSection(SolutionConfigurationPlatforms) = preSolution
		Debug|Any CPU = Debug|Any CPU
		Release|Any CPU = Release|Any CPU
	EndGlobalSection
	GlobalSection(ProjectConfigurationPlatforms) = postSolution
		{2A5F123B-4ABD-477C-A659-13A4C9FC82F1}.Debug|Any CPU.ActiveCfg = Debug|Any CPU
		{2A5F123B-4ABD-477C-A659-13A4C9FC82F1}.Debug|Any CPU.Build.0 = Debug|Any CPU
		{2A5F123B-4ABD-477C-A659-13A4C9FC82F1}.Release|Any CPU.ActiveCfg = Release|Any CPU
		{2A5F123B-4ABD-477C-A659-13A4C9FC82F1}.Release|Any CPU.Build.0 = Release|Any CPU
	EndGlobalSection
	GlobalSection(SolutionProperties) = preSolution
		HideSolutionNode = FALSE
	EndGlobalSection
	GlobalSection(ExtensibilityGlobals) = postSolution
		SolutionGuid = {7448F13D-3D65-4CD1-B1D7-84EDB0D82E10}
	EndGlobalSection
EndGlobal
